
Microsoft Visual Studio Solution File, Format Version 12.00
# Visual Studio Version 17
VisualStudioVersion = 17.9.34723.18
MinimumVisualStudioVersion = 10.0.40219.1
Project("{FAE04EC0-301F-11D3-BF4B-00C04F79EFBC}") = "esp-setting-gui", "esp-setting-gui.csproj", "{4C479544-B3FC-44A1-93AE-574D98A3C0D1}"
EndProject
Global
	GlobalSection(SolutionConfigurationPlatforms) = preSolution
		Debug|Any CPU = Debug|Any CPU
		Release|Any CPU = Release|Any CPU
	EndGlobalSection
	GlobalSection(ProjectConfigurationPlatforms) = postSolution
		{4C479544-B3FC-44A1-93AE-574D98A3C0D1}.Debug|Any CPU.ActiveCfg = Debug|Any CPU
		{4C479544-B3FC-44A1-93AE-574D98A3C0D1}.Debug|Any CPU.Build.0 = Debug|Any CPU
		{4C479544-B3FC-44A1-93AE-574D98A3C0D1}.Release|Any CPU.ActiveCfg = Release|Any CPU
		{4C479544-B3FC-44A1-93AE-574D98A3C0D1}.Release|Any CPU.Build.0 = Release|Any CPU
	EndGlobalSection
	GlobalSection(SolutionProperties) = preSolution
		HideSolutionNode = FALSE
	EndGlobalSection
	GlobalSection(ExtensibilityGlobals) = postSolution
		SolutionGuid = {685EFB37-116B-41F5-BA11-3C8E515D1114}
	EndGlobalSection
EndGlobal
